
Microsoft Visual Studio Solution File, Format Version 12.00
# Visual Studio 15
VisualStudioVersion = 15.0.25807.0
MinimumVisualStudioVersion = 10.0.40219.1
Project("{2150E333-8FDC-42A3-9474-1A3956D46DE8}") = "Engine", "Engine", "{5DD0B0C5-FA2B-461A-A25F-A171BCC7BCA7}"
EndProject
Project("{2150E333-8FDC-42A3-9474-1A3956D46DE8}") = "Games", "Games", "{60EC9001-E6E0-490D-90A5-6C61361A6512}"
EndProject
Project("{8BC9CEB8-8B4A-11D0-8D11-00A0C91BC942}") = "UnrealPortfolio", "Intermediate\ProjectFiles\UnrealPortfolio.vcxproj", "{EC49F491-DDBE-4ADA-BC60-AD08FFEDCD14}"
EndProject
Project("{8BC9CEB8-8B4A-11D0-8D11-00A0C91BC942}") = "UE4", "Intermediate\ProjectFiles\UE4.vcxproj", "{2D2BD4EB-451C-424B-8C5A-E7F72A650887}"
EndProject
Project("{2150E333-8FDC-42A3-9474-1A3956D46DE8}") = "Visualizers", "Visualizers", "{087B1E74-D80E-477A-85B6-63516E0F8844}"
	ProjectSection(SolutionItems) = preProject
		..\..\UE_4.22\Engine\Extras\VisualStudioDebugging\UE4.natvis = ..\..\UE_4.22\Engine\Extras\VisualStudioDebugging\UE4.natvis
	EndProjectSection
EndProject
Global
	GlobalSection(SolutionConfigurationPlatforms) = preSolution
		DebugGame Editor|HTML5 = DebugGame Editor|HTML5
		DebugGame Editor|IOS = DebugGame Editor|IOS
		DebugGame Editor|Win32 = DebugGame Editor|Win32
		DebugGame Editor|Win64 = DebugGame Editor|Win64
		DebugGame|HTML5 = DebugGame|HTML5
		DebugGame|IOS = DebugGame|IOS
		DebugGame|Win32 = DebugGame|Win32
		DebugGame|Win64 = DebugGame|Win64
		Development Editor|HTML5 = Development Editor|HTML5
		Development Editor|IOS = Development Editor|IOS
		Development Editor|Win32 = Development Editor|Win32
		Development Editor|Win64 = Development Editor|Win64
		Development|HTML5 = Development|HTML5
		Development|IOS = Development|IOS
		Development|Win32 = Development|Win32
		Development|Win64 = Development|Win64
		Shipping|HTML5 = Shipping|HTML5
		Shipping|IOS = Shipping|IOS
		Shipping|Win32 = Shipping|Win32
		Shipping|Win64 = Shipping|Win64
	EndGlobalSection
	GlobalSection(ProjectConfigurationPlatforms) = postSolution
		{EC49F491-DDBE-4ADA-BC60-AD08FFEDCD14}.DebugGame Editor|HTML5.ActiveCfg = Invalid|Win32
		{EC49F491-DDBE-4ADA-BC60-AD08FFEDCD14}.DebugGame Editor|IOS.ActiveCfg = Invalid|Win32
		{EC49F491-DDBE-4ADA-BC60-AD08FFEDCD14}.DebugGame Editor|Win32.ActiveCfg = Invalid|Win32
		{EC49F491-DDBE-4ADA-BC60-AD08FFEDCD14}.DebugGame Editor|Win64.ActiveCfg = DebugGame_Editor|x64
		{EC49F491-DDBE-4ADA-BC60-AD08FFEDCD14}.DebugGame Editor|Win64.Build.0 = DebugGame_Editor|x64
		{EC49F491-DDBE-4ADA-BC60-AD08FFEDCD14}.DebugGame|HTML5.ActiveCfg = HTML5_DebugGame|Win32
		{EC49F491-DDBE-4ADA-BC60-AD08FFEDCD14}.DebugGame|HTML5.Build.0 = HTML5_DebugGame|Win32
		{EC49F491-DDBE-4ADA-BC60-AD08FFEDCD14}.DebugGame|IOS.ActiveCfg = IOS_DebugGame|Win32
		{EC49F491-DDBE-4ADA-BC60-AD08FFEDCD14}.DebugGame|IOS.Build.0 = IOS_DebugGame|Win32
		{EC49F491-DDBE-4ADA-BC60-AD08FFEDCD14}.DebugGame|Win32.ActiveCfg = DebugGame|Win32
		{EC49F491-DDBE-4ADA-BC60-AD08FFEDCD14}.DebugGame|Win32.Build.0 = DebugGame|Win32
		{EC49F491-DDBE-4ADA-BC60-AD08FFEDCD14}.DebugGame|Win64.ActiveCfg = DebugGame|x64
		{EC49F491-DDBE-4ADA-BC60-AD08FFEDCD14}.DebugGame|Win64.Build.0 = DebugGame|x64
		{EC49F491-DDBE-4ADA-BC60-AD08FFEDCD14}.Development Editor|HTML5.ActiveCfg = Invalid|Win32
		{EC49F491-DDBE-4ADA-BC60-AD08FFEDCD14}.Development Editor|IOS.ActiveCfg = Invalid|Win32
		{EC49F491-DDBE-4ADA-BC60-AD08FFEDCD14}.Development Editor|Win32.ActiveCfg = Invalid|Win32
		{EC49F491-DDBE-4ADA-BC60-AD08FFEDCD14}.Development Editor|Win64.ActiveCfg = Development_Editor|x64
		{EC49F491-DDBE-4ADA-BC60-AD08FFEDCD14}.Development Editor|Win64.Build.0 = Development_Editor|x64
		{EC49F491-DDBE-4ADA-BC60-AD08FFEDCD14}.Development|HTML5.ActiveCfg = HTML5_Development|Win32
		{EC49F491-DDBE-4ADA-BC60-AD08FFEDCD14}.Development|HTML5.Build.0 = HTML5_Development|Win32
		{EC49F491-DDBE-4ADA-BC60-AD08FFEDCD14}.Development|IOS.ActiveCfg = IOS_Development|Win32
		{EC49F491-DDBE-4ADA-BC60-AD08FFEDCD14}.Development|IOS.Build.0 = IOS_Development|Win32
		{EC49F491-DDBE-4ADA-BC60-AD08FFEDCD14}.Development|Win32.ActiveCfg = Development|Win32
		{EC49F491-DDBE-4ADA-BC60-AD08FFEDCD14}.Development|Win32.Build.0 = Development|Win32
		{EC49F491-DDBE-4ADA-BC60-AD08FFEDCD14}.Development|Win64.ActiveCfg = Development|x64
		{EC49F491-DDBE-4ADA-BC60-AD08FFEDCD14}.Development|Win64.Build.0 = Development|x64
		{EC49F491-DDBE-4ADA-BC60-AD08FFEDCD14}.Shipping|HTML5.ActiveCfg = HTML5_Shipping|Win32
		{EC49F491-DDBE-4ADA-BC60-AD08FFEDCD14}.Shipping|HTML5.Build.0 = HTML5_Shipping|Win32
		{EC49F491-DDBE-4ADA-BC60-AD08FFEDCD14}.Shipping|IOS.ActiveCfg = IOS_Shipping|Win32
		{EC49F491-DDBE-4ADA-BC60-AD08FFEDCD14}.Shipping|IOS.Build.0 = IOS_Shipping|Win32
		{EC49F491-DDBE-4ADA-BC60-AD08FFEDCD14}.Shipping|Win32.ActiveCfg = Shipping|Win32
		{EC49F491-DDBE-4ADA-BC60-AD08FFEDCD14}.Shipping|Win32.Build.0 = Shipping|Win32
		{EC49F491-DDBE-4ADA-BC60-AD08FFEDCD14}.Shipping|Win64.ActiveCfg = Shipping|x64
		{EC49F491-DDBE-4ADA-BC60-AD08FFEDCD14}.Shipping|Win64.Build.0 = Shipping|x64
		{2D2BD4EB-451C-424B-8C5A-E7F72A650887}.DebugGame Editor|HTML5.ActiveCfg = BuiltWithUnrealBuildTool|Win32
		{2D2BD4EB-451C-424B-8C5A-E7F72A650887}.DebugGame Editor|IOS.ActiveCfg = BuiltWithUnrealBuildTool|Win32
		{2D2BD4EB-451C-424B-8C5A-E7F72A650887}.DebugGame Editor|Win32.ActiveCfg = BuiltWithUnrealBuildTool|Win32
		{2D2BD4EB-451C-424B-8C5A-E7F72A650887}.DebugGame Editor|Win64.ActiveCfg = BuiltWithUnrealBuildTool|Win32
		{2D2BD4EB-451C-424B-8C5A-E7F72A650887}.DebugGame|HTML5.ActiveCfg = BuiltWithUnrealBuildTool|Win32
		{2D2BD4EB-451C-424B-8C5A-E7F72A650887}.DebugGame|IOS.ActiveCfg = BuiltWithUnrealBuildTool|Win32
		{2D2BD4EB-451C-424B-8C5A-E7F72A650887}.DebugGame|Win32.ActiveCfg = BuiltWithUnrealBuildTool|Win32
		{2D2BD4EB-451C-424B-8C5A-E7F72A650887}.DebugGame|Win64.ActiveCfg = BuiltWithUnrealBuildTool|Win32
		{2D2BD4EB-451C-424B-8C5A-E7F72A650887}.Development Editor|HTML5.ActiveCfg = BuiltWithUnrealBuildTool|Win32
		{2D2BD4EB-451C-424B-8C5A-E7F72A650887}.Development Editor|IOS.ActiveCfg = BuiltWithUnrealBuildTool|Win32
		{2D2BD4EB-451C-424B-8C5A-E7F72A650887}.Development Editor|Win32.ActiveCfg = BuiltWithUnrealBuildTool|Win32
		{2D2BD4EB-451C-424B-8C5A-E7F72A650887}.Development Editor|Win64.ActiveCfg = BuiltWithUnrealBuildTool|Win32
		{2D2BD4EB-451C-424B-8C5A-E7F72A650887}.Development|HTML5.ActiveCfg = BuiltWithUnrealBuildTool|Win32
		{2D2BD4EB-451C-424B-8C5A-E7F72A650887}.Development|IOS.ActiveCfg = BuiltWithUnrealBuildTool|Win32
		{2D2BD4EB-451C-424B-8C5A-E7F72A650887}.Development|Win32.ActiveCfg = BuiltWithUnrealBuildTool|Win32
		{2D2BD4EB-451C-424B-8C5A-E7F72A650887}.Development|Win64.ActiveCfg = BuiltWithUnrealBuildTool|Win32
		{2D2BD4EB-451C-424B-8C5A-E7F72A650887}.Shipping|HTML5.ActiveCfg = BuiltWithUnrealBuildTool|Win32
		{2D2BD4EB-451C-424B-8C5A-E7F72A650887}.Shipping|IOS.ActiveCfg = BuiltWithUnrealBuildTool|Win32
		{2D2BD4EB-451C-424B-8C5A-E7F72A650887}.Shipping|Win32.ActiveCfg = BuiltWithUnrealBuildTool|Win32
		{2D2BD4EB-451C-424B-8C5A-E7F72A650887}.Shipping|Win64.ActiveCfg = BuiltWithUnrealBuildTool|Win32
	EndGlobalSection
	GlobalSection(SolutionProperties) = preSolution
		HideSolutionNode = FALSE
	EndGlobalSection
	GlobalSection(NestedProjects) = preSolution
		{2D2BD4EB-451C-424B-8C5A-E7F72A650887} = {5DD0B0C5-FA2B-461A-A25F-A171BCC7BCA7}
		{EC49F491-DDBE-4ADA-BC60-AD08FFEDCD14} = {60EC9001-E6E0-490D-90A5-6C61361A6512}
	EndGlobalSection
EndGlobal
